dependencies:
- name: newrelic-infrastructure
  repository: https://newrelic.github.io/nri-kubernetes
  version: 3.6.3
- name: nri-prometheus
  repository: https://newrelic.github.io/nri-prometheus
  version: 2.1.6
- name: nri-metadata-injection
  repository: https://newrelic.github.io/k8s-metadata-injection
  version: 3.0.4
- name: newrelic-k8s-metrics-adapter
  repository: https://newrelic.github.io/newrelic-k8s-metrics-adapter
  version: 0.7.5
- name: kube-state-metrics
  repository: https://kubernetes.github.io/kube-state-metrics
  version: 2.13.2
- name: nri-kube-events
  repository: https://newrelic.github.io/nri-kube-events
  version: 2.2.4
- name: newrelic-logging
  repository: https://newrelic.github.io/helm-charts
  version: 1.11.0
- name: newrelic-pixie
  repository: https://newrelic.github.io/helm-charts
  version: 2.0.0
- name: pixie-operator-chart
  repository: https://pixie-operator-charts.storage.googleapis.com
  version: 0.0.26
- name: newrelic-infra-operator
  repository: https://newrelic.github.io/newrelic-infra-operator
  version: 1.0.3
digest: sha256:29dabc0f792289f0ab10fa000f334ce2a853faae5571a66f16b37df625721be1
generated: "2022-06-29T10:53:07.051493822Z"
